
Microsoft Visual Studio Solution File, Format Version 12.00
# Visual Studio Version 17
VisualStudioVersion = 17.13.35825.156
MinimumVisualStudioVersion = 10.0.40219.1
Project("{FAE04EC0-301F-11D3-BF4B-00C04F79EFBC}") = "Dorak.Models", "Models\Dorak.Models.csproj", "{25775FF0-28B2-4AE9-B2DB-AF046D0AE187}"
EndProject
Project("{FAE04EC0-301F-11D3-BF4B-00C04F79EFBC}") = "Repositories", "Repositories\Repositories.csproj", "{B6783E97-DC99-48DB-A6EC-D10AADB1DB56}"
EndProject
Project("{FAE04EC0-301F-11D3-BF4B-00C04F79EFBC}") = "Services", "Services\Services.csproj", "{92067CFB-E32B-4C8F-A853-AF6DF1502D1F}"
EndProject
Project("{FAE04EC0-301F-11D3-BF4B-00C04F79EFBC}") = "Data", "Data\Data.csproj", "{472B5CD4-3642-41F8-BB29-43F4866E87E1}"
EndProject
Project("{FAE04EC0-301F-11D3-BF4B-00C04F79EFBC}") = "AdminArea", "AdminArea\AdminArea.csproj", "{1479D064-463C-4965-BC9A-5E099F424BC1}"
EndProject
Project("{FAE04EC0-301F-11D3-BF4B-00C04F79EFBC}") = "API", "API\API.csproj", "{58456E6B-8A35-4B57-A62A-105BEEE0D689}"
EndProject
Project("{FAE04EC0-301F-11D3-BF4B-00C04F79EFBC}") = "Dorak.ViewModels", "Dorak.ViewModels\Dorak.ViewModels.csproj", "{CBD3514D-8D4E-49DB-B08B-7F9B92E50442}"
EndProject
Project("{FAE04EC0-301F-11D3-BF4B-00C04F79EFBC}") = "Dorak.DataTransferObject", "Dorak.DataTransferObject\Dorak.DataTransferObject.csproj", "{100AFD07-A792-425B-8AC0-4D169D7EE7BC}"
EndProject
Global
	GlobalSection(SolutionConfigurationPlatforms) = preSolution
		Debug|Any CPU = Debug|Any CPU
		Release|Any CPU = Release|Any CPU
	EndGlobalSection
	GlobalSection(ProjectConfigurationPlatforms) = postSolution
		{25775FF0-28B2-4AE9-B2DB-AF046D0AE187}.Debug|Any CPU.ActiveCfg = Debug|Any CPU
		{25775FF0-28B2-4AE9-B2DB-AF046D0AE187}.Debug|Any CPU.Build.0 = Debug|Any CPU
		{25775FF0-28B2-4AE9-B2DB-AF046D0AE187}.Release|Any CPU.ActiveCfg = Release|Any CPU
		{25775FF0-28B2-4AE9-B2DB-AF046D0AE187}.Release|Any CPU.Build.0 = Release|Any CPU
		{B6783E97-DC99-48DB-A6EC-D10AADB1DB56}.Debug|Any CPU.ActiveCfg = Debug|Any CPU
		{B6783E97-DC99-48DB-A6EC-D10AADB1DB56}.Debug|Any CPU.Build.0 = Debug|Any CPU
		{B6783E97-DC99-48DB-A6EC-D10AADB1DB56}.Release|Any CPU.ActiveCfg = Release|Any CPU
		{B6783E97-DC99-48DB-A6EC-D10AADB1DB56}.Release|Any CPU.Build.0 = Release|Any CPU
		{92067CFB-E32B-4C8F-A853-AF6DF1502D1F}.Debug|Any CPU.ActiveCfg = Debug|Any CPU
		{92067CFB-E32B-4C8F-A853-AF6DF1502D1F}.Debug|Any CPU.Build.0 = Debug|Any CPU
		{92067CFB-E32B-4C8F-A853-AF6DF1502D1F}.Release|Any CPU.ActiveCfg = Release|Any CPU
		{92067CFB-E32B-4C8F-A853-AF6DF1502D1F}.Release|Any CPU.Build.0 = Release|Any CPU
		{472B5CD4-3642-41F8-BB29-43F4866E87E1}.Debug|Any CPU.ActiveCfg = Debug|Any CPU
		{472B5CD4-3642-41F8-BB29-43F4866E87E1}.Debug|Any CPU.Build.0 = Debug|Any CPU
		{472B5CD4-3642-41F8-BB29-43F4866E87E1}.Release|Any CPU.ActiveCfg = Release|Any CPU
		{472B5CD4-3642-41F8-BB29-43F4866E87E1}.Release|Any CPU.Build.0 = Release|Any CPU
		{1479D064-463C-4965-BC9A-5E099F424BC1}.Debug|Any CPU.ActiveCfg = Debug|Any CPU
		{1479D064-463C-4965-BC9A-5E099F424BC1}.Debug|Any CPU.Build.0 = Debug|Any CPU
		{1479D064-463C-4965-BC9A-5E099F424BC1}.Release|Any CPU.ActiveCfg = Release|Any CPU
		{1479D064-463C-4965-BC9A-5E099F424BC1}.Release|Any CPU.Build.0 = Release|Any CPU
		{58456E6B-8A35-4B57-A62A-105BEEE0D689}.Debug|Any CPU.ActiveCfg = Debug|Any CPU
		{58456E6B-8A35-4B57-A62A-105BEEE0D689}.Debug|Any CPU.Build.0 = Debug|Any CPU
		{58456E6B-8A35-4B57-A62A-105BEEE0D689}.Release|Any CPU.ActiveCfg = Release|Any CPU
		{58456E6B-8A35-4B57-A62A-105BEEE0D689}.Release|Any CPU.Build.0 = Release|Any CPU
		{CBD3514D-8D4E-49DB-B08B-7F9B92E50442}.Debug|Any CPU.ActiveCfg = Debug|Any CPU
		{CBD3514D-8D4E-49DB-B08B-7F9B92E50442}.Debug|Any CPU.Build.0 = Debug|Any CPU
		{CBD3514D-8D4E-49DB-B08B-7F9B92E50442}.Release|Any CPU.ActiveCfg = Release|Any CPU
		{CBD3514D-8D4E-49DB-B08B-7F9B92E50442}.Release|Any CPU.Build.0 = Release|Any CPU
		{100AFD07-A792-425B-8AC0-4D169D7EE7BC}.Debug|Any CPU.ActiveCfg = Debug|Any CPU
		{100AFD07-A792-425B-8AC0-4D169D7EE7BC}.Debug|Any CPU.Build.0 = Debug|Any CPU
		{100AFD07-A792-425B-8AC0-4D169D7EE7BC}.Release|Any CPU.ActiveCfg = Release|Any CPU
		{100AFD07-A792-425B-8AC0-4D169D7EE7BC}.Release|Any CPU.Build.0 = Release|Any CPU
	EndGlobalSection
	GlobalSection(SolutionProperties) = preSolution
		HideSolutionNode = FALSE
	EndGlobalSection
	GlobalSection(ExtensibilityGlobals) = postSolution
		SolutionGuid = {7B74BA52-256A-446B-8B55-843C405BC46E}
	EndGlobalSection
EndGlobal
